{
  "requires": true,
  "lockfileVersion": 1,
  "dependencies": {
    "@angular/animations": {
      "version": "8.0.1",
      "resolved": "https://registry.npmjs.org/@angular/animations/-/animations-8.0.1.tgz",
      "integrity": "sha512-m4shu+wkVquFSKMmTA2Do+e8FhYnxcAiQdW1UtM9Ue1j4yKxUFgHNYauaG8pmzEzheeQqxGlA/cVcEi5XnRebw==",
      "requires": {
        "tslib": "^1.9.0"
      }
    },
    "primeicons": {
      "version": "1.0.0",
      "resolved": "https://registry.npmjs.org/primeicons/-/primeicons-1.0.0.tgz",
      "integrity": "sha512-p/hzIjUVccW4eJPhuORHI3AUkDpqfvCQVrjxbFEejnTEdWY4C8fomVfjiaA9jCu83fSQnBHuRIGB96iAR8R6uA=="
    },
    "primeng": {
      "version": "8.0.0",
      "resolved": "https://registry.npmjs.org/primeng/-/primeng-8.0.0.tgz",
      "integrity": "sha512-nIuwzrMqAHlev3vZAjLc9/hsTcEcbDWMHdvnao/YAvEQSyfN8C7MU9b9PV6ee9/qUgf3Wj9cIXaBPNgGaKM73A=="
    },
    "tslib": {
      "version": "1.10.0",
      "resolved": "https://registry.npmjs.org/tslib/-/tslib-1.10.0.tgz",
      "integrity": "sha512-qOebF53frne81cf0S9B41ByenJ3/IuH8yJKngAX35CmiZySA0khhkovshKK+jGCaMnVomla7gVlIcc3EvKPbTQ=="
    }
  }
}
