
Microsoft Visual Studio Solution File, Format Version 12.00
# Visual Studio 15
VisualStudioVersion = 15.0.28307.645
MinimumVisualStudioVersion = 10.0.40219.1
Project("{9A19103F-16F7-4668-BE54-9A1E7A4F7556}") = "ClinicInfo.API", "ClinicInfo.API\ClinicInfo.API.csproj", "{AB8BB2EC-8DC6-46D6-AD9E-AFA90A41B211}"
EndProject
Global
	GlobalSection(SolutionConfigurationPlatforms) = preSolution
		Debug|Any CPU = Debug|Any CPU
		Release|Any CPU = Release|Any CPU
	EndGlobalSection
	GlobalSection(ProjectConfigurationPlatforms) = postSolution
		{AB8BB2EC-8DC6-46D6-AD9E-AFA90A41B211}.Debug|Any CPU.ActiveCfg = Debug|Any CPU
		{AB8BB2EC-8DC6-46D6-AD9E-AFA90A41B211}.Debug|Any CPU.Build.0 = Debug|Any CPU
		{AB8BB2EC-8DC6-46D6-AD9E-AFA90A41B211}.Release|Any CPU.ActiveCfg = Release|Any CPU
		{AB8BB2EC-8DC6-46D6-AD9E-AFA90A41B211}.Release|Any CPU.Build.0 = Release|Any CPU
	EndGlobalSection
	GlobalSection(SolutionProperties) = preSolution
		HideSolutionNode = FALSE
	EndGlobalSection
	GlobalSection(ExtensibilityGlobals) = postSolution
		SolutionGuid = {3F8CFB72-8D9A-4714-911C-3EFBF300B263}
	EndGlobalSection
EndGlobal
